
Microsoft Visual Studio Solution File, Format Version 12.00
# Visual Studio Version 16
VisualStudioVersion = 16.0.29709.97
MinimumVisualStudioVersion = 10.0.40219.1
Project("{FAE04EC0-301F-11D3-BF4B-00C04F79EFBC}") = "ProjIMago", "ProjIMago.csproj", "{46104DE7-7CA1-46F6-851A-436485630624}"
EndProject
Global
	GlobalSection(SolutionConfigurationPlatforms) = preSolution
		Debug|Any CPU = Debug|Any CPU
		Release|Any CPU = Release|Any CPU
	EndGlobalSection
	GlobalSection(ProjectConfigurationPlatforms) = postSolution
		{46104DE7-7CA1-46F6-851A-436485630624}.Debug|Any CPU.ActiveCfg = Debug|Any CPU
		{46104DE7-7CA1-46F6-851A-436485630624}.Debug|Any CPU.Build.0 = Debug|Any CPU
		{46104DE7-7CA1-46F6-851A-436485630624}.Release|Any CPU.ActiveCfg = Release|Any CPU
		{46104DE7-7CA1-46F6-851A-436485630624}.Release|Any CPU.Build.0 = Release|Any CPU
	EndGlobalSection
	GlobalSection(SolutionProperties) = preSolution
		HideSolutionNode = FALSE
	EndGlobalSection
	GlobalSection(ExtensibilityGlobals) = postSolution
		SolutionGuid = {E8D29B44-8B34-4F89-8435-C0551927F8B2}
	EndGlobalSection
EndGlobal
